
Microsoft Visual Studio Solution File, Format Version 12.00
# Visual Studio Version 16
VisualStudioVersion = 16.0.31624.102
MinimumVisualStudioVersion = 10.0.40219.1
Project("{FAE04EC0-301F-11D3-BF4B-00C04F79EFBC}") = "BD-importer", "BD-importer\BD-importer.csproj", "{55DF12D8-3CBD-4DAC-A626-82B0BB23DB02}"
EndProject
Global
	GlobalSection(SolutionConfigurationPlatforms) = preSolution
		Debug|Any CPU = Debug|Any CPU
		Release|Any CPU = Release|Any CPU
	EndGlobalSection
	GlobalSection(ProjectConfigurationPlatforms) = postSolution
		{55DF12D8-3CBD-4DAC-A626-82B0BB23DB02}.Debug|Any CPU.ActiveCfg = Debug|Any CPU
		{55DF12D8-3CBD-4DAC-A626-82B0BB23DB02}.Debug|Any CPU.Build.0 = Debug|Any CPU
		{55DF12D8-3CBD-4DAC-A626-82B0BB23DB02}.Release|Any CPU.ActiveCfg = Release|Any CPU
		{55DF12D8-3CBD-4DAC-A626-82B0BB23DB02}.Release|Any CPU.Build.0 = Release|Any CPU
	EndGlobalSection
	GlobalSection(SolutionProperties) = preSolution
		HideSolutionNode = FALSE
	EndGlobalSection
	GlobalSection(ExtensibilityGlobals) = postSolution
		SolutionGuid = {0739185A-C805-4318-AACF-61F9E48F02B9}
	EndGlobalSection
EndGlobal
